{
  "nodes": {
    "disko": {
      "inputs": {
        "nixpkgs": "nixpkgs"
      },
      "locked": {
        "lastModified": 1726775926,
        "narHash": "sha256-5zShvCy9S4tuISFjNSjb+TWpPtORqPbRZ0XwbLbPLho=",
        "path": "/nix/store/mk1zl7iip7nlf0fggg7dmgnrgjfzfahc-source",
        "rev": "624fd86460e482017ed9c3c3c55a3758c06a4e7f",
        "type": "path"
      },
      "original": {
        "id": "disko",
        "type": "indirect"
      }
    },
    "nixpkgs": {
      "locked": {
        "lastModified": 1725194671,
        "narHash": "sha256-tLGCFEFTB5TaOKkpfw3iYT9dnk4awTP/q4w+ROpMfuw=",
        "owner": "NixOS",
        "repo": "nixpkgs",
        "rev": "b833ff01a0d694b910daca6e2ff4a3f26dee478c",
        "type": "github"
      },
      "original": {
        "owner": "NixOS",
        "ref": "nixpkgs-unstable",
        "repo": "nixpkgs",
        "type": "github"
      }
    },
    "nixpkgs_2": {
      "locked": {
        "lastModified": 1728221177,
        "narHash": "sha256-8va/C1vLD7SbeAkHGvPu/KBpN+hDYLqbaB+ciHYeBzU=",
        "owner": "NixOS",
        "repo": "nixpkgs",
        "rev": "e842e646b1309fbbf3f77ff32a4fa1697b6d79fd",
        "type": "github"
      },
      "original": {
        "owner": "NixOS",
        "ref": "release-24.05",
        "repo": "nixpkgs",
        "type": "github"
      }
    },
    "root": {
      "inputs": {
        "disko": "disko",
        "nixpkgs": "nixpkgs_2"
      }
    }
  },
  "root": "root",
  "version": 7
}
