{
  "nodes": {
    "disko": {
      "inputs": {
        "nixpkgs": "nixpkgs"
      },
      "locked": {
        "lastModified": 1727872461,
        "narHash": "sha256-4Pw3fVhN6xey5+2gUBm9nQJAjBqivffr+a5ZsXYjzJ8=",
        "path": "/nix/store/n7s5xsls0ync15mr8rad8xd2ilk1gbal-source",
        "rev": "568727a884ae7cd9f266bd19aea655def8cafd78",
        "type": "path"
      },
      "original": {
        "id": "disko",
        "type": "indirect"
      }
    },
    "nixpkgs": {
      "locked": {
        "lastModified": 1728061008,
        "narHash": "sha256-qjyJDtwmJckqDyXHmBIiN04kzby/TX/kPYmclBXlROA=",
        "owner": "NixOS",
        "repo": "nixpkgs",
        "rev": "8bca501bf31b54ae2022fe5065ab475d75f7560e",
        "type": "github"
      },
      "original": {
        "owner": "NixOS",
        "ref": "nixpkgs-unstable",
        "repo": "nixpkgs",
        "type": "github"
      }
    },
    "nixpkgs_2": {
      "locked": {
        "lastModified": 1728054613,
        "narHash": "sha256-/FtppOPNTgLrFwS8/UMIIA4UxyqzvP2PdDPDw1gFsh4=",
        "owner": "NixOS",
        "repo": "nixpkgs",
        "rev": "6ec4e82869520bdc9ec93e9582e800182f6deb9c",
        "type": "github"
      },
      "original": {
        "owner": "NixOS",
        "ref": "release-24.05",
        "repo": "nixpkgs",
        "type": "github"
      }
    },
    "root": {
      "inputs": {
        "disko": "disko",
        "nixpkgs": "nixpkgs_2"
      }
    }
  },
  "root": "root",
  "version": 7
}
